<?xml version="1.0" encoding="utf-8"?>
<Project ToolsVersion="4.0" xmlns="http://schemas.microsoft.com/developer/msbuild/2003">
  <ItemGroup>
    <Filter Include="Source Files">
      <UniqueIdentifier>{4FC737F1-C7A5-4376-A066-2A32D752A2FF}</UniqueIdentifier>
      <Extensions>cpp;c;cc;cxx;c++;def;odl;idl;hpj;bat;asm;asmx</Extensions>
    </Filter>
    <Filter Include="Header Files">
      <UniqueIdentifier>{93995380-89BD-4b04-88EB-625FBE52EBFB}</UniqueIdentifier>
      <Extensions>h;hh;hpp;hxx;h++;hm;inl;inc;ipp;xsd</Extensions>
    </Filter>
    <Filter Include="Resource Files">
      <UniqueIdentifier>{67DA6AB6-F800-4c08-8B7A-83BB121AAD01}</UniqueIdentifier>
      <Extensions>rc;ico;cur;bmp;dlg;rc2;rct;bin;rgs;gif;jpg;jpeg;jpe;resx;tiff;tif;png;wav;mfcribbon-ms</Extensions>
    </Filter>
    <Filter Include="Source Files\Things">
      <UniqueIdentifier>{a349b60c-2763-43d9-9c9a-9d4e50effb47}</UniqueIdentifier>
    </Filter>
    <Filter Include="Source Files\OGLS">
      <UniqueIdentifier>{dc84b751-c0e8-4bf9-b841-5f41920fa273}</UniqueIdentifier>
    </Filter>
    <Filter Include="Source Files\Controllers">
      <UniqueIdentifier>{dc7464f5-198c-4b54-b1bf-b6373cf2dc5a}</UniqueIdentifier>
    </Filter>
    <Filter Include="Header Files\Controllers">
      <UniqueIdentifier>{67494efe-5512-4b13-9b22-c40ee0a0f053}</UniqueIdentifier>
    </Filter>
    <Filter Include="Header Files\Things">
      <UniqueIdentifier>{3490eaef-b17f-4678-8e8c-f1957ad3061b}</UniqueIdentifier>
    </Filter>
    <Filter Include="Source Files\Hitboxes">
      <UniqueIdentifier>{30c131ad-30cd-4267-9e69-461e6931caa9}</UniqueIdentifier>
    </Filter>
    <Filter Include="Header Files\Hitboxes">
      <UniqueIdentifier>{0af5df87-7a38-48d7-8c1c-5503640a7c69}</UniqueIdentifier>
    </Filter>
    <Filter Include="Header Files\OGLS">
      <UniqueIdentifier>{2df7ec6c-46ce-4033-bbca-8d1b8b81875c}</UniqueIdentifier>
    </Filter>
  </ItemGroup>
  <ItemGroup>
    <ClCompile Include="CollisionTestbed.cpp">
      <Filter>Source Files</Filter>
    </ClCompile>
    <ClCompile Include="Mesh.cpp">
      <Filter>Source Files</Filter>
    </ClCompile>
    <ClCompile Include="Model.cpp">
      <Filter>Source Files</Filter>
    </ClCompile>
    <ClCompile Include="Agent.cpp">
      <Filter>Source Files\Things</Filter>
    </ClCompile>
    <ClCompile Include="Environment.cpp">
      <Filter>Source Files\Things</Filter>
    </ClCompile>
    <ClCompile Include="Thing.cpp">
      <Filter>Source Files\Things</Filter>
    </ClCompile>
    <ClCompile Include="Object.cpp">
      <Filter>Source Files\Things</Filter>
    </ClCompile>
    <ClCompile Include="Camera.cpp">
      <Filter>Source Files\OGLS</Filter>
    </ClCompile>
    <ClCompile Include="GLSLReader.cpp">
      <Filter>Source Files\OGLS</Filter>
    </ClCompile>
    <ClCompile Include="Renderer.cpp">
      <Filter>Source Files\OGLS</Filter>
    </ClCompile>
    <ClCompile Include="Shader.cpp">
      <Filter>Source Files\OGLS</Filter>
    </ClCompile>
    <ClCompile Include="glad.c">
      <Filter>Source Files\OGLS</Filter>
    </ClCompile>
    <ClCompile Include="Player.cpp">
      <Filter>Source Files\Things</Filter>
    </ClCompile>
    <ClCompile Include="Controller.cpp">
      <Filter>Source Files\Controllers</Filter>
    </ClCompile>
    <ClCompile Include="PlayerController.cpp">
      <Filter>Source Files\Controllers</Filter>
    </ClCompile>
    <ClCompile Include="Hitbox.cpp">
      <Filter>Source Files\Hitboxes</Filter>
    </ClCompile>
    <ClCompile Include="PlllppHitbox.hpp">
      <Filter>Header Files\Hitboxes</Filter>
    </ClCompile>
    <ClCompile Include="PlllppHitbox.cpp">
      <Filter>Source Files\Hitboxes</Filter>
    </ClCompile>
    <ClCompile Include="CylinderHitbox.cpp">
      <Filter>Source Files\Hitboxes</Filter>
    </ClCompile>
    <ClCompile Include="CuboidHitbox.cpp">
      <Filter>Source Files\Hitboxes</Filter>
    </ClCompile>
    <ClCompile Include="HBS.cpp">
      <Filter>Source Files</Filter>
    </ClCompile>
    <ClCompile Include="SphereHitbox.cpp">
      <Filter>Source Files\Hitboxes</Filter>
    </ClCompile>
  </ItemGroup>
  <ItemGroup>
    <ClInclude Include="Mesh.hpp">
      <Filter>Header Files</Filter>
    </ClInclude>
    <ClInclude Include="Model.hpp">
      <Filter>Header Files</Filter>
    </ClInclude>
    <ClInclude Include="Agent.hpp">
      <Filter>Header Files\Things</Filter>
    </ClInclude>
    <ClInclude Include="Environment.hpp">
      <Filter>Header Files\Things</Filter>
    </ClInclude>
    <ClInclude Include="Object.hpp">
      <Filter>Header Files\Things</Filter>
    </ClInclude>
    <ClInclude Include="Thing.hpp">
      <Filter>Header Files\Things</Filter>
    </ClInclude>
    <ClInclude Include="Camera.hpp">
      <Filter>Header Files\OGLS</Filter>
    </ClInclude>
    <ClInclude Include="DirectionEnum.h">
      <Filter>Header Files\OGLS</Filter>
    </ClInclude>
    <ClInclude Include="glad.h">
      <Filter>Header Files\OGLS</Filter>
    </ClInclude>
    <ClInclude Include="GLSLReader.h">
      <Filter>Header Files\OGLS</Filter>
    </ClInclude>
    <ClInclude Include="khrplatform.h">
      <Filter>Header Files\OGLS</Filter>
    </ClInclude>
    <ClInclude Include="Renderer.hpp">
      <Filter>Header Files\OGLS</Filter>
    </ClInclude>
    <ClInclude Include="Shader.hpp">
      <Filter>Header Files\OGLS</Filter>
    </ClInclude>
    <ClInclude Include="stb_image.h">
      <Filter>Header Files\OGLS</Filter>
    </ClInclude>
    <ClInclude Include="Player.hpp">
      <Filter>Header Files\Things</Filter>
    </ClInclude>
    <ClInclude Include="Controller.hpp">
      <Filter>Header Files\Controllers</Filter>
    </ClInclude>
    <ClInclude Include="PlayerController.hpp">
      <Filter>Header Files\Controllers</Filter>
    </ClInclude>
    <ClInclude Include="Hitbox.hpp">
      <Filter>Header Files\Hitboxes</Filter>
    </ClInclude>
    <ClInclude Include="CylinderHitbox.hpp">
      <Filter>Header Files\Hitboxes</Filter>
    </ClInclude>
    <ClInclude Include="CuboidHitbox.hpp">
      <Filter>Header Files\Hitboxes</Filter>
    </ClInclude>
    <ClInclude Include="HBS.hpp">
      <Filter>Header Files</Filter>
    </ClInclude>
    <ClInclude Include="SphereHitbox.hpp">
      <Filter>Header Files\Hitboxes</Filter>
    </ClInclude>
  </ItemGroup>
  <ItemGroup>
    <None Include="packages.config" />
    <None Include="vertShader.glsl">
      <Filter>Source Files\OGLS</Filter>
    </None>
    <None Include="fragShader.glsl">
      <Filter>Source Files\OGLS</Filter>
    </None>
  </ItemGroup>
</Project>